// !$*UTF8*$!
{
	archiveVersion = 1;
	classes = {
	};
	objectVersion = 56;
	objects = {

/* Begin PBXBuildFile section */
		1A198F1529702E8E00840AC8 /* AppDelegate.swift in Sources */ = {isa = PBXBuildFile; fileRef = 1A198F1429702E8E00840AC8 /* AppDelegate.swift */; };
		1A198F1729702E8E00840AC8 /* SceneDelegate.swift in Sources */ = {isa = PBXBuildFile; fileRef = 1A198F1629702E8E00840AC8 /* SceneDelegate.swift */; };
		1A198F1929702E8E00840AC8 /* ViewController.swift in Sources */ = {isa = PBXBuildFile; fileRef = 1A198F1829702E8E00840AC8 /* ViewController.swift */; };
		1A198F1C29702E8E00840AC8 /* Main.storyboard in Resources */ = {isa = PBXBuildFile; fileRef = 1A198F1A29702E8E00840AC8 /* Main.storyboard */; };
		1A198F1E29702E8F00840AC8 /* Assets.xcassets in Resources */ = {isa = PBXBuildFile; fileRef = 1A198F1D29702E8F00840AC8 /* Assets.xcassets */; };
		1A198F2129702E8F00840AC8 /* LaunchScreen.storyboard in Resources */ = {isa = PBXBuildFile; fileRef = 1A198F1F29702E8F00840AC8 /* LaunchScreen.storyboard */; };
		1A198F2C29702E8F00840AC8 /* DynamicNavigationTests.swift in Sources */ = {isa = PBXBuildFile; fileRef = 1A198F2B29702E8F00840AC8 /* DynamicNavigationTests.swift */; };
		1A198F3629702E8F00840AC8 /* DynamicNavigationUITests.swift in Sources */ = {isa = PBXBuildFile; fileRef = 1A198F3529702E8F00840AC8 /* DynamicNavigationUITests.swift */; };
		1A198F3829702E8F00840AC8 /* DynamicNavigationUITestsLaunchTests.swift in Sources */ = {isa = PBXBuildFile; fileRef = 1A198F3729702E8F00840AC8 /* DynamicNavigationUITestsLaunchTests.swift */; };
/* End PBXBuildFile section */

/* Begin PBXContainerItemProxy section */
		1A198F2829702E8F00840AC8 /* PBXContainerItemProxy */ = {
			isa = PBXContainerItemProxy;
			containerPortal = 1A198F0929702E8E00840AC8 /* Project object */;
			proxyType = 1;
			remoteGlobalIDString = 1A198F1029702E8E00840AC8;
			remoteInfo = DynamicNavigation;
		};
		1A198F3229702E8F00840AC8 /* PBXContainerItemProxy */ = {
			isa = PBXContainerItemProxy;
			containerPortal = 1A198F0929702E8E00840AC8 /* Project object */;
			proxyType = 1;
			remoteGlobalIDString = 1A198F1029702E8E00840AC8;
			remoteInfo = DynamicNavigation;
		};
/* End PBXContainerItemProxy section */

/* Begin PBXFileReference section */
		1A198F1129702E8E00840AC8 /* DynamicNavigation.app */ = {isa = PBXFileReference; explicitFileType = wrapper.application; includeInIndex = 0; path = DynamicNavigation.app; sourceTree = BUILT_PRODUCTS_DIR; };
		1A198F1429702E8E00840AC8 /* AppDelegate.swift */ = {isa = PBXFileReference; lastKnownFileType = sourcecode.swift; path = AppDelegate.swift; sourceTree = "<group>"; };
		1A198F1629702E8E00840AC8 /* SceneDelegate.swift */ = {isa = PBXFileReference; lastKnownFileType = sourcecode.swift; path = SceneDelegate.swift; sourceTree = "<group>"; };
		1A198F1829702E8E00840AC8 /* ViewController.swift */ = {isa = PBXFileReference; lastKnownFileType = sourcecode.swift; path = ViewController.swift; sourceTree = "<group>"; };
		1A198F1B29702E8E00840AC8 /* Base */ = {isa = PBXFileReference; lastKnownFileType = file.storyboard; name = Base; path = Base.lproj/Main.storyboard; sourceTree = "<group>"; };
		1A198F1D29702E8F00840AC8 /* Assets.xcassets */ = {isa = PBXFileReference; lastKnownFileType = folder.assetcatalog; path = Assets.xcassets; sourceTree = "<group>"; };
		1A198F2029702E8F00840AC8 /* Base */ = {isa = PBXFileReference; lastKnownFileType = file.storyboard; name = Base; path = Base.lproj/LaunchScreen.storyboard; sourceTree = "<group>"; };
		1A198F2229702E8F00840AC8 /* Info.plist */ = {isa = PBXFileReference; lastKnownFileType = text.plist.xml; path = Info.plist; sourceTree = "<group>"; };
		1A198F2729702E8F00840AC8 /* DynamicNavigationTests.xctest */ = {isa = PBXFileReference; explicitFileType = wrapper.cfbundle; includeInIndex = 0; path = DynamicNavigationTests.xctest; sourceTree = BUILT_PRODUCTS_DIR; };
		1A198F2B29702E8F00840AC8 /* DynamicNavigationTests.swift */ = {isa = PBXFileReference; lastKnownFileType = sourcecode.swift; path = DynamicNavigationTests.swift; sourceTree = "<group>"; };
		1A198F3129702E8F00840AC8 /* DynamicNavigationUITests.xctest */ = {isa = PBXFileReference; explicitFileType = wrapper.cfbundle; includeInIndex = 0; path = DynamicNavigationUITests.xctest; sourceTree = BUILT_PRODUCTS_DIR; };
		1A198F3529702E8F00840AC8 /* DynamicNavigationUITests.swift */ = {isa = PBXFileReference; lastKnownFileType = sourcecode.swift; path = DynamicNavigationUITests.swift; sourceTree = "<group>"; };
		1A198F3729702E8F00840AC8 /* DynamicNavigationUITestsLaunchTests.swift */ = {isa = PBXFileReference; lastKnownFileType = sourcecode.swift; path = DynamicNavigationUITestsLaunchTests.swift; sourceTree = "<group>"; };
/* End PBXFileReference section */

/* Begin PBXFrameworksBuildPhase section */
		1A198F0E29702E8E00840AC8 /* Frameworks */ = {
			isa = PBXFrameworksBuildPhase;
			buildActionMask = 2147483647;
			files = (
			);
			runOnlyForDeploymentPostprocessing = 0;
		};
		1A198F2429702E8F00840AC8 /* Frameworks */ = {
			isa = PBXFrameworksBuildPhase;
			buildActionMask = 2147483647;
			files = (
			);
			runOnlyForDeploymentPostprocessing = 0;
		};
		1A198F2E29702E8F00840AC8 /* Frameworks */ = {
			isa = PBXFrameworksBuildPhase;
			buildActionMask = 2147483647;
			files = (
			);
			runOnlyForDeploymentPostprocessing = 0;
		};
/* End PBXFrameworksBuildPhase section */

/* Begin PBXGroup section */
		1A198F0829702E8E00840AC8 = {
			isa = PBXGroup;
			children = (
				1A198F1329702E8E00840AC8 /* DynamicNavigation */,
				1A198F2A29702E8F00840AC8 /* DynamicNavigationTests */,
				1A198F3429702E8F00840AC8 /* DynamicNavigationUITests */,
				1A198F1229702E8E00840AC8 /* Products */,
			);
			sourceTree = "<group>";
		};
		1A198F1229702E8E00840AC8 /* Products */ = {
			isa = PBXGroup;
			children = (
				1A198F1129702E8E00840AC8 /* DynamicNavigation.app */,
				1A198F2729702E8F00840AC8 /* DynamicNavigationTests.xctest */,
				1A198F3129702E8F00840AC8 /* DynamicNavigationUITests.xctest */,
			);
			name = Products;
			sourceTree = "<group>";
		};
		1A198F1329702E8E00840AC8 /* DynamicNavigation */ = {
			isa = PBXGroup;
			children = (
				1A198F1429702E8E00840AC8 /* AppDelegate.swift */,
				1A198F1629702E8E00840AC8 /* SceneDelegate.swift */,
				1A198F1829702E8E00840AC8 /* ViewController.swift */,
				1A198F1A29702E8E00840AC8 /* Main.storyboard */,
				1A198F1D29702E8F00840AC8 /* Assets.xcassets */,
				1A198F1F29702E8F00840AC8 /* LaunchScreen.storyboard */,
				1A198F2229702E8F00840AC8 /* Info.plist */,
			);
			path = DynamicNavigation;
			sourceTree = "<group>";
		};
		1A198F2A29702E8F00840AC8 /* DynamicNavigationTests */ = {
			isa = PBXGroup;
			children = (
				1A198F2B29702E8F00840AC8 /* DynamicNavigationTests.swift */,
			);
			path = DynamicNavigationTests;
			sourceTree = "<group>";
		};
		1A198F3429702E8F00840AC8 /* DynamicNavigationUITests */ = {
			isa = PBXGroup;
			children = (
				1A198F3529702E8F00840AC8 /* DynamicNavigationUITests.swift */,
				1A198F3729702E8F00840AC8 /* DynamicNavigationUITestsLaunchTests.swift */,
			);
			path = DynamicNavigationUITests;
			sourceTree = "<group>";
		};
/* End PBXGroup section */

/* Begin PBXNativeTarget section */
		1A198F1029702E8E00840AC8 /* DynamicNavigation */ = {
			isa = PBXNativeTarget;
			buildConfigurationList = 1A198F3B29702E8F00840AC8 /* Build configuration list for PBXNativeTarget "DynamicNavigation" */;
			buildPhases = (
				1A198F0D29702E8E00840AC8 /* Sources */,
				1A198F0E29702E8E00840AC8 /* Frameworks */,
				1A198F0F29702E8E00840AC8 /* Resources */,
			);
			buildRules = (
			);
			dependencies = (
			);
			name = DynamicNavigation;
			productName = DynamicNavigation;
			productReference = 1A198F1129702E8E00840AC8 /* DynamicNavigation.app */;
			productType = "com.apple.product-type.application";
		};
		1A198F2629702E8F00840AC8 /* DynamicNavigationTests */ = {
			isa = PBXNativeTarget;
			buildConfigurationList = 1A198F3E29702E8F00840AC8 /* Build configuration list for PBXNativeTarget "DynamicNavigationTests" */;
			buildPhases = (
				1A198F2329702E8F00840AC8 /* Sources */,
				1A198F2429702E8F00840AC8 /* Frameworks */,
				1A198F2529702E8F00840AC8 /* Resources */,
			);
			buildRules = (
			);
			dependencies = (
				1A198F2929702E8F00840AC8 /* PBXTargetDependency */,
			);
			name = DynamicNavigationTests;
			productName = DynamicNavigationTests;
			productReference = 1A198F2729702E8F00840AC8 /* DynamicNavigationTests.xctest */;
			productType = "com.apple.product-type.bundle.unit-test";
		};
		1A198F3029702E8F00840AC8 /* DynamicNavigationUITests */ = {
			isa = PBXNativeTarget;
			buildConfigurationList = 1A198F4129702E8F00840AC8 /* Build configuration list for PBXNativeTarget "DynamicNavigationUITests" */;
			buildPhases = (
				1A198F2D29702E8F00840AC8 /* Sources */,
				1A198F2E29702E8F00840AC8 /* Frameworks */,
				1A198F2F29702E8F00840AC8 /* Resources */,
			);
			buildRules = (
			);
			dependencies = (
				1A198F3329702E8F00840AC8 /* PBXTargetDependency */,
			);
			name = DynamicNavigationUITests;
			productName = DynamicNavigationUITests;
			productReference = 1A198F3129702E8F00840AC8 /* DynamicNavigationUITests.xctest */;
			productType = "com.apple.product-type.bundle.ui-testing";
		};
/* End PBXNativeTarget section */

/* Begin PBXProject section */
		1A198F0929702E8E00840AC8 /* Project object */ = {
			isa = PBXProject;
			attributes = {
				BuildIndependentTargetsInParallel = 1;
				LastSwiftUpdateCheck = 1410;
				LastUpgradeCheck = 1410;
				TargetAttributes = {
					1A198F1029702E8E00840AC8 = {
						CreatedOnToolsVersion = 14.1;
					};
					1A198F2629702E8F00840AC8 = {
						CreatedOnToolsVersion = 14.1;
						TestTargetID = 1A198F1029702E8E00840AC8;
					};
					1A198F3029702E8F00840AC8 = {
						CreatedOnToolsVersion = 14.1;
						TestTargetID = 1A198F1029702E8E00840AC8;
					};
				};
			};
			buildConfigurationList = 1A198F0C29702E8E00840AC8 /* Build configuration list for PBXProject "DynamicNavigation" */;
			compatibilityVersion = "Xcode 14.0";
			developmentRegion = en;
			hasScannedForEncodings = 0;
			knownRegions = (
				en,
				Base,
			);
			mainGroup = 1A198F0829702E8E00840AC8;
			productRefGroup = 1A198F1229702E8E00840AC8 /* Products */;
			projectDirPath = "";
			projectRoot = "";
			targets = (
				1A198F1029702E8E00840AC8 /* DynamicNavigation */,
				1A198F2629702E8F00840AC8 /* DynamicNavigationTests */,
				1A198F3029702E8F00840AC8 /* DynamicNavigationUITests */,
			);
		};
/* End PBXProject section */

/* Begin PBXResourcesBuildPhase section */
		1A198F0F29702E8E00840AC8 /* Resources */ = {
			isa = PBXResourcesBuildPhase;
			buildActionMask = 2147483647;
			files = (
				1A198F2129702E8F00840AC8 /* LaunchScreen.storyboard in Resources */,
				1A198F1E29702E8F00840AC8 /* Assets.xcassets in Resources */,
				1A198F1C29702E8E00840AC8 /* Main.storyboard in Resources */,
			);
			runOnlyForDeploymentPostprocessing = 0;
		};
		1A198F2529702E8F00840AC8 /* Resources */ = {
			isa = PBXResourcesBuildPhase;
			buildActionMask = 2147483647;
			files = (
			);
			runOnlyForDeploymentPostprocessing = 0;
		};
		1A198F2F29702E8F00840AC8 /* Resources */ = {
			isa = PBXResourcesBuildPhase;
			buildActionMask = 2147483647;
			files = (
			);
			runOnlyForDeploymentPostprocessing = 0;
		};
/* End PBXResourcesBuildPhase section */

/* Begin PBXSourcesBuildPhase section */
		1A198F0D29702E8E00840AC8 /* Sources */ = {
			isa = PBXSourcesBuildPhase;
			buildActionMask = 2147483647;
			files = (
				1A198F1929702E8E00840AC8 /* ViewController.swift in Sources */,
				1A198F1529702E8E00840AC8 /* AppDelegate.swift in Sources */,
				1A198F1729702E8E00840AC8 /* SceneDelegate.swift in Sources */,
			);
			runOnlyForDeploymentPostprocessing = 0;
		};
		1A198F2329702E8F00840AC8 /* Sources */ = {
			isa = PBXSourcesBuildPhase;
			buildActionMask = 2147483647;
			files = (
				1A198F2C29702E8F00840AC8 /* DynamicNavigationTests.swift in Sources */,
			);
			runOnlyForDeploymentPostprocessing = 0;
		};
		1A198F2D29702E8F00840AC8 /* Sources */ = {
			isa = PBXSourcesBuildPhase;
			buildActionMask = 2147483647;
			files = (
				1A198F3829702E8F00840AC8 /* DynamicNavigationUITestsLaunchTests.swift in Sources */,
				1A198F3629702E8F00840AC8 /* DynamicNavigationUITests.swift in Sources */,
			);
			runOnlyForDeploymentPostprocessing = 0;
		};
/* End PBXSourcesBuildPhase section */

/* Begin PBXTargetDependency section */
		1A198F2929702E8F00840AC8 /* PBXTargetDependency */ = {
			isa = PBXTargetDependency;
			target = 1A198F1029702E8E00840AC8 /* DynamicNavigation */;
			targetProxy = 1A198F2829702E8F00840AC8 /* PBXContainerItemProxy */;
		};
		1A198F3329702E8F00840AC8 /* PBXTargetDependency */ = {
			isa = PBXTargetDependency;
			target = 1A198F1029702E8E00840AC8 /* DynamicNavigation */;
			targetProxy = 1A198F3229702E8F00840AC8 /* PBXContainerItemProxy */;
		};
/* End PBXTargetDependency section */

/* Begin PBXVariantGroup section */
		1A198F1A29702E8E00840AC8 /* Main.storyboard */ = {
			isa = PBXVariantGroup;
			children = (
				1A198F1B29702E8E00840AC8 /* Base */,
			);
			name = Main.storyboard;
			sourceTree = "<group>";
		};
		1A198F1F29702E8F00840AC8 /* LaunchScreen.storyboard */ = {
			isa = PBXVariantGroup;
			children = (
				1A198F2029702E8F00840AC8 /* Base */,
			);
			name = LaunchScreen.storyboard;
			sourceTree = "<group>";
		};
/* End PBXVariantGroup section */

/* Begin XCBuildConfiguration section */
		1A198F3929702E8F00840AC8 /* Debug */ = {
			isa = XCBuildConfiguration;
			buildSettings = {
				ALWAYS_SEARCH_USER_PATHS = NO;
				CLANG_ANALYZER_NONNULL = YES;
				CLANG_ANALYZER_NUMBER_OBJECT_CONVERSION = YES_AGGRESSIVE;
				CLANG_CXX_LANGUAGE_STANDARD = "gnu++20";
				CLANG_ENABLE_MODULES = YES;
				CLANG_ENABLE_OBJC_ARC = YES;
				CLANG_ENABLE_OBJC_WEAK = YES;
				CLANG_WARN_BLOCK_CAPTURE_AUTORELEASING = YES;
				CLANG_WARN_BOOL_CONVERSION = YES;
				CLANG_WARN_COMMA = YES;
				CLANG_WARN_CONSTANT_CONVERSION = YES;
				CLANG_WARN_DEPRECATED_OBJC_IMPLEMENTATIONS = YES;
				CLANG_WARN_DIRECT_OBJC_ISA_USAGE = YES_ERROR;
				CLANG_WARN_DOCUMENTATION_COMMENTS = YES;
				CLANG_WARN_EMPTY_BODY = YES;
				CLANG_WARN_ENUM_CONVERSION = YES;
				CLANG_WARN_INFINITE_RECURSION = YES;
				CLANG_WARN_INT_CONVERSION = YES;
				CLANG_WARN_NON_LITERAL_NULL_CONVERSION = YES;
				CLANG_WARN_OBJC_IMPLICIT_RETAIN_SELF = YES;
				CLANG_WARN_OBJC_LITERAL_CONVERSION = YES;
				CLANG_WARN_OBJC_ROOT_CLASS = YES_ERROR;
				CLANG_WARN_QUOTED_INCLUDE_IN_FRAMEWORK_HEADER = YES;
				CLANG_WARN_RANGE_LOOP_ANALYSIS = YES;
				CLANG_WARN_STRICT_PROTOTYPES = YES;
				CLANG_WARN_SUSPICIOUS_MOVE = YES;
				CLANG_WARN_UNGUARDED_AVAILABILITY = YES_AGGRESSIVE;
				CLANG_WARN_UNREACHABLE_CODE = YES;
				CLANG_WARN__DUPLICATE_METHOD_MATCH = YES;
				COPY_PHASE_STRIP = NO;
				DEBUG_INFORMATION_FORMAT = dwarf;
				ENABLE_STRICT_OBJC_MSGSEND = YES;
				ENABLE_TESTABILITY = YES;
				GCC_C_LANGUAGE_STANDARD = gnu11;
				GCC_DYNAMIC_NO_PIC = NO;
				GCC_NO_COMMON_BLOCKS = YES;
				GCC_OPTIMIZATION_LEVEL = 0;
				GCC_PREPROCESSOR_DEFINITIONS = (
					"DEBUG=1",
					"$(inherited)",
				);
				GCC_WARN_64_TO_32_BIT_CONVERSION = YES;
				GCC_WARN_ABOUT_RETURN_TYPE = YES_ERROR;
				GCC_WARN_UNDECLARED_SELECTOR = YES;
				GCC_WARN_UNINITIALIZED_AUTOS = YES_AGGRESSIVE;
				GCC_WARN_UNUSED_FUNCTION = YES;
				GCC_WARN_UNUSED_VARIABLE = YES;
				IPHONEOS_DEPLOYMENT_TARGET = 16.1;
				MTL_ENABLE_DEBUG_INFO = INCLUDE_SOURCE;
				MTL_FAST_MATH = YES;
				ONLY_ACTIVE_ARCH = YES;
				SDKROOT = iphoneos;
				SWIFT_ACTIVE_COMPILATION_CONDITIONS = DEBUG;
				SWIFT_OPTIMIZATION_LEVEL = "-Onone";
			};
			name = Debug;
		};
		1A198F3A29702E8F00840AC8 /* Release */ = {
			isa = XCBuildConfiguration;
			buildSettings = {
				ALWAYS_SEARCH_USER_PATHS = NO;
				CLANG_ANALYZER_NONNULL = YES;
				CLANG_ANALYZER_NUMBER_OBJECT_CONVERSION = YES_AGGRESSIVE;
				CLANG_CXX_LANGUAGE_STANDARD = "gnu++20";
				CLANG_ENABLE_MODULES = YES;
				CLANG_ENABLE_OBJC_ARC = YES;
				CLANG_ENABLE_OBJC_WEAK = YES;
				CLANG_WARN_BLOCK_CAPTURE_AUTORELEASING = YES;
				CLANG_WARN_BOOL_CONVERSION = YES;
				CLANG_WARN_COMMA = YES;
				CLANG_WARN_CONSTANT_CONVERSION = YES;
				CLANG_WARN_DEPRECATED_OBJC_IMPLEMENTATIONS = YES;
				CLANG_WARN_DIRECT_OBJC_ISA_USAGE = YES_ERROR;
				CLANG_WARN_DOCUMENTATION_COMMENTS = YES;
				CLANG_WARN_EMPTY_BODY = YES;
				CLANG_WARN_ENUM_CONVERSION = YES;
				CLANG_WARN_INFINITE_RECURSION = YES;
				CLANG_WARN_INT_CONVERSION = YES;
				CLANG_WARN_NON_LITERAL_NULL_CONVERSION = YES;
				CLANG_WARN_OBJC_IMPLICIT_RETAIN_SELF = YES;
				CLANG_WARN_OBJC_LITERAL_CONVERSION = YES;
				CLANG_WARN_OBJC_ROOT_CLASS = YES_ERROR;
				CLANG_WARN_QUOTED_INCLUDE_IN_FRAMEWORK_HEADER = YES;
				CLANG_WARN_RANGE_LOOP_ANALYSIS = YES;
				CLANG_WARN_STRICT_PROTOTYPES = YES;
				CLANG_WARN_SUSPICIOUS_MOVE = YES;
				CLANG_WARN_UNGUARDED_AVAILABILITY = YES_AGGRESSIVE;
				CLANG_WARN_UNREACHABLE_CODE = YES;
				CLANG_WARN__DUPLICATE_METHOD_MATCH = YES;
				COPY_PHASE_STRIP = NO;
				DEBUG_INFORMATION_FORMAT = "dwarf-with-dsym";
				ENABLE_NS_ASSERTIONS = NO;
				ENABLE_STRICT_OBJC_MSGSEND = YES;
				GCC_C_LANGUAGE_STANDARD = gnu11;
				GCC_NO_COMMON_BLOCKS = YES;
				GCC_WARN_64_TO_32_BIT_CONVERSION = YES;
				GCC_WARN_ABOUT_RETURN_TYPE = YES_ERROR;
				GCC_WARN_UNDECLARED_SELECTOR = YES;
				GCC_WARN_UNINITIALIZED_AUTOS = YES_AGGRESSIVE;
				GCC_WARN_UNUSED_FUNCTION = YES;
				GCC_WARN_UNUSED_VARIABLE = YES;
				IPHONEOS_DEPLOYMENT_TARGET = 16.1;
				MTL_ENABLE_DEBUG_INFO = NO;
				MTL_FAST_MATH = YES;
				SDKROOT = iphoneos;
				SWIFT_COMPILATION_MODE = wholemodule;
				SWIFT_OPTIMIZATION_LEVEL = "-O";
				VALIDATE_PRODUCT = YES;
			};
			name = Release;
		};
		1A198F3C29702E8F00840AC8 /* Debug */ = {
			isa = XCBuildConfiguration;
			buildSettings = {
				ASSETCATALOG_COMPILER_APPICON_NAME = AppIcon;
				ASSETCATALOG_COMPILER_GLOBAL_ACCENT_COLOR_NAME = AccentColor;
				CODE_SIGN_STYLE = Automatic;
				CURRENT_PROJECT_VERSION = 1;
				DEVELOPMENT_TEAM = H5BVQ8XRL4;
				GENERATE_INFOPLIST_FILE = YES;
				INFOPLIST_FILE = DynamicNavigation/Info.plist;
				INFOPLIST_KEY_UIApplicationSupportsIndirectInputEvents = YES;
				INFOPLIST_KEY_UILaunchStoryboardName = LaunchScreen;
				INFOPLIST_KEY_UIMainStoryboardFile = Main;
				INFOPLIST_KEY_UISupportedInterfaceOrientations_iPad = "UIInterfaceOrientationPortrait UIInterfaceOrientationPortraitUpsideDown UIInterfaceOrientationLandscapeLeft UIInterfaceOrientationLandscapeRight";
				INFOPLIST_KEY_UISupportedInterfaceOrientations_iPhone = "UIInterfaceOrientationPortrait UIInterfaceOrientationLandscapeLeft UIInterfaceOrientationLandscapeRight";
				LD_RUNPATH_SEARCH_PATHS = (
					"$(inherited)",
					"@executable_path/Frameworks",
				);
				MARKETING_VERSION = 1.0;
				PRODUCT_BUNDLE_IDENTIFIER = com.jamztang.DynamicNavigation;
				PRODUCT_NAME = "$(TARGET_NAME)";
				SWIFT_EMIT_LOC_STRINGS = YES;
				SWIFT_VERSION = 5.0;
				TARGETED_DEVICE_FAMILY = "1,2";
			};
			name = Debug;
		};
		1A198F3D29702E8F00840AC8 /* Release */ = {
			isa = XCBuildConfiguration;
			buildSettings = {
				ASSETCATALOG_COMPILER_APPICON_NAME = AppIcon;
				ASSETCATALOG_COMPILER_GLOBAL_ACCENT_COLOR_NAME = AccentColor;
				CODE_SIGN_STYLE = Automatic;
				CURRENT_PROJECT_VERSION = 1;
				DEVELOPMENT_TEAM = H5BVQ8XRL4;
				GENERATE_INFOPLIST_FILE = YES;
				INFOPLIST_FILE = DynamicNavigation/Info.plist;
				INFOPLIST_KEY_UIApplicationSupportsIndirectInputEvents = YES;
				INFOPLIST_KEY_UILaunchStoryboardName = LaunchScreen;
				INFOPLIST_KEY_UIMainStoryboardFile = Main;
				INFOPLIST_KEY_UISupportedInterfaceOrientations_iPad = "UIInterfaceOrientationPortrait UIInterfaceOrientationPortraitUpsideDown UIInterfaceOrientationLandscapeLeft UIInterfaceOrientationLandscapeRight";
				INFOPLIST_KEY_UISupportedInterfaceOrientations_iPhone = "UIInterfaceOrientationPortrait UIInterfaceOrientationLandscapeLeft UIInterfaceOrientationLandscapeRight";
				LD_RUNPATH_SEARCH_PATHS = (
					"$(inherited)",
					"@executable_path/Frameworks",
				);
				MARKETING_VERSION = 1.0;
				PRODUCT_BUNDLE_IDENTIFIER = com.jamztang.DynamicNavigation;
				PRODUCT_NAME = "$(TARGET_NAME)";
				SWIFT_EMIT_LOC_STRINGS = YES;
				SWIFT_VERSION = 5.0;
				TARGETED_DEVICE_FAMILY = "1,2";
			};
			name = Release;
		};
		1A198F3F29702E8F00840AC8 /* Debug */ = {
			isa = XCBuildConfiguration;
			buildSettings = {
				ALWAYS_EMBED_SWIFT_STANDARD_LIBRARIES = YES;
				BUNDLE_LOADER = "$(TEST_HOST)";
				CODE_SIGN_STYLE = Automatic;
				CURRENT_PROJECT_VERSION = 1;
				DEVELOPMENT_TEAM = H5BVQ8XRL4;
				GENERATE_INFOPLIST_FILE = YES;
				IPHONEOS_DEPLOYMENT_TARGET = 16.1;
				MARKETING_VERSION = 1.0;
				PRODUCT_BUNDLE_IDENTIFIER = com.jamztang.DynamicNavigationTests;
				PRODUCT_NAME = "$(TARGET_NAME)";
				SWIFT_EMIT_LOC_STRINGS = NO;
				SWIFT_VERSION = 5.0;
				TARGETED_DEVICE_FAMILY = "1,2";
				TEST_HOST = "$(BUILT_PRODUCTS_DIR)/DynamicNavigation.app/$(BUNDLE_EXECUTABLE_FOLDER_PATH)/DynamicNavigation";
			};
			name = Debug;
		};
		1A198F4029702E8F00840AC8 /* Release */ = {
			isa = XCBuildConfiguration;
			buildSettings = {
				ALWAYS_EMBED_SWIFT_STANDARD_LIBRARIES = YES;
				BUNDLE_LOADER = "$(TEST_HOST)";
				CODE_SIGN_STYLE = Automatic;
				CURRENT_PROJECT_VERSION = 1;
				DEVELOPMENT_TEAM = H5BVQ8XRL4;
				GENERATE_INFOPLIST_FILE = YES;
				IPHONEOS_DEPLOYMENT_TARGET = 16.1;
				MARKETING_VERSION = 1.0;
				PRODUCT_BUNDLE_IDENTIFIER = com.jamztang.DynamicNavigationTests;
				PRODUCT_NAME = "$(TARGET_NAME)";
				SWIFT_EMIT_LOC_STRINGS = NO;
				SWIFT_VERSION = 5.0;
				TARGETED_DEVICE_FAMILY = "1,2";
				TEST_HOST = "$(BUILT_PRODUCTS_DIR)/DynamicNavigation.app/$(BUNDLE_EXECUTABLE_FOLDER_PATH)/DynamicNavigation";
			};
			name = Release;
		};
		1A198F4229702E8F00840AC8 /* Debug */ = {
			isa = XCBuildConfiguration;
			buildSettings = {
				ALWAYS_EMBED_SWIFT_STANDARD_LIBRARIES = YES;
				CODE_SIGN_STYLE = Automatic;
				CURRENT_PROJECT_VERSION = 1;
				DEVELOPMENT_TEAM = H5BVQ8XRL4;
				GENERATE_INFOPLIST_FILE = YES;
				MARKETING_VERSION = 1.0;
				PRODUCT_BUNDLE_IDENTIFIER = com.jamztang.DynamicNavigationUITests;
				PRODUCT_NAME = "$(TARGET_NAME)";
				SWIFT_EMIT_LOC_STRINGS = NO;
				SWIFT_VERSION = 5.0;
				TARGETED_DEVICE_FAMILY = "1,2";
				TEST_TARGET_NAME = DynamicNavigation;
			};
			name = Debug;
		};
		1A198F4329702E8F00840AC8 /* Release */ = {
			isa = XCBuildConfiguration;
			buildSettings = {
				ALWAYS_EMBED_SWIFT_STANDARD_LIBRARIES = YES;
				CODE_SIGN_STYLE = Automatic;
				CURRENT_PROJECT_VERSION = 1;
				DEVELOPMENT_TEAM = H5BVQ8XRL4;
				GENERATE_INFOPLIST_FILE = YES;
				MARKETING_VERSION = 1.0;
				PRODUCT_BUNDLE_IDENTIFIER = com.jamztang.DynamicNavigationUITests;
				PRODUCT_NAME = "$(TARGET_NAME)";
				SWIFT_EMIT_LOC_STRINGS = NO;
				SWIFT_VERSION = 5.0;
				TARGETED_DEVICE_FAMILY = "1,2";
				TEST_TARGET_NAME = DynamicNavigation;
			};
			name = Release;
		};
/* End XCBuildConfiguration section */

/* Begin XCConfigurationList section */
		1A198F0C29702E8E00840AC8 /* Build configuration list for PBXProject "DynamicNavigation" */ = {
			isa = XCConfigurationList;
			buildConfigurations = (
				1A198F3929702E8F00840AC8 /* Debug */,
				1A198F3A29702E8F00840AC8 /* Release */,
			);
			defaultConfigurationIsVisible = 0;
			defaultConfigurationName = Release;
		};
		1A198F3B29702E8F00840AC8 /* Build configuration list for PBXNativeTarget "DynamicNavigation" */ = {
			isa = XCConfigurationList;
			buildConfigurations = (
				1A198F3C29702E8F00840AC8 /* Debug */,
				1A198F3D29702E8F00840AC8 /* Release */,
			);
			defaultConfigurationIsVisible = 0;
			defaultConfigurationName = Release;
		};
		1A198F3E29702E8F00840AC8 /* Build configuration list for PBXNativeTarget "DynamicNavigationTests" */ = {
			isa = XCConfigurationList;
			buildConfigurations = (
				1A198F3F29702E8F00840AC8 /* Debug */,
				1A198F4029702E8F00840AC8 /* Release */,
			);
			defaultConfigurationIsVisible = 0;
			defaultConfigurationName = Release;
		};
		1A198F4129702E8F00840AC8 /* Build configuration list for PBXNativeTarget "DynamicNavigationUITests" */ = {
			isa = XCConfigurationList;
			buildConfigurations = (
				1A198F4229702E8F00840AC8 /* Debug */,
				1A198F4329702E8F00840AC8 /* Release */,
			);
			defaultConfigurationIsVisible = 0;
			defaultConfigurationName = Release;
		};
/* End XCConfigurationList section */
	};
	rootObject = 1A198F0929702E8E00840AC8 /* Project object */;
}
